
Microsoft Visual Studio Solution File, Format Version 12.00
# Visual Studio Version 16
VisualStudioVersion = 16.0.29306.81
MinimumVisualStudioVersion = 10.0.40219.1
Project("{FAE04EC0-301F-11D3-BF4B-00C04F79EFBC}") = "Team Builder Upgrade", "Team Builder Upgrade\Team Builder Upgrade.csproj", "{C350F836-DBDC-4F2D-9C51-E5CE9B52B20D}"
EndProject
Global
	GlobalSection(SolutionConfigurationPlatforms) = preSolution
		Debug|Any CPU = Debug|Any CPU
		Release|Any CPU = Release|Any CPU
	EndGlobalSection
	GlobalSection(ProjectConfigurationPlatforms) = postSolution
		{C350F836-DBDC-4F2D-9C51-E5CE9B52B20D}.Debug|Any CPU.ActiveCfg = Debug|Any CPU
		{C350F836-DBDC-4F2D-9C51-E5CE9B52B20D}.Debug|Any CPU.Build.0 = Debug|Any CPU
		{C350F836-DBDC-4F2D-9C51-E5CE9B52B20D}.Release|Any CPU.ActiveCfg = Release|Any CPU
		{C350F836-DBDC-4F2D-9C51-E5CE9B52B20D}.Release|Any CPU.Build.0 = Release|Any CPU
	EndGlobalSection
	GlobalSection(SolutionProperties) = preSolution
		HideSolutionNode = FALSE
	EndGlobalSection
	GlobalSection(ExtensibilityGlobals) = postSolution
		SolutionGuid = {F8DDE858-8D27-4079-BFAD-E6A61EEC2C31}
	EndGlobalSection
EndGlobal
